// !$*UTF8*$!
{
	archiveVersion = 1;
	classes = {
	};
	objectVersion = 46;
	objects = {

/* Begin PBXBuildFile section */
		84EB641E1D887D25006D5624 /* main.m in Sources */ = {isa = PBXBuildFile; fileRef = 84EB641D1D887D25006D5624 /* main.m */; };
		84EB64211D887D25006D5624 /* AppDelegate.m in Sources */ = {isa = PBXBuildFile; fileRef = 84EB64201D887D25006D5624 /* AppDelegate.m */; };
		84EB64241D887D25006D5624 /* ViewController.m in Sources */ = {isa = PBXBuildFile; fileRef = 84EB64231D887D25006D5624 /* ViewController.m */; };
		84EB64271D887D25006D5624 /* Main.storyboard in Resources */ = {isa = PBXBuildFile; fileRef = 84EB64251D887D25006D5624 /* Main.storyboard */; };
		84EB64291D887D25006D5624 /* Assets.xcassets in Resources */ = {isa = PBXBuildFile; fileRef = 84EB64281D887D25006D5624 /* Assets.xcassets */; };
		84EB642C1D887D25006D5624 /* LaunchScreen.storyboard in Resources */ = {isa = PBXBuildFile; fileRef = 84EB642A1D887D25006D5624 /* LaunchScreen.storyboard */; };
		84EB64351D888444006D5624 /* 1.jpg in Resources */ = {isa = PBXBuildFile; fileRef = 84EB64341D888444006D5624 /* 1.jpg */; };
/* End PBXBuildFile section */

/* Begin PBXFileReference section */
		84EB64191D887D25006D5624 /* Gestures.app */ = {isa = PBXFileReference; explicitFileType = wrapper.application; includeInIndex = 0; path = Gestures.app; sourceTree = BUILT_PRODUCTS_DIR; };
		84EB641D1D887D25006D5624 /* main.m */ = {isa = PBXFileReference; lastKnownFileType = sourcecode.c.objc; path = main.m; sourceTree = "<group>"; };
		84EB641F1D887D25006D5624 /* AppDelegate.h */ = {isa = PBXFileReference; lastKnownFileType = sourcecode.c.h; path = AppDelegate.h; sourceTree = "<group>"; };
		84EB64201D887D25006D5624 /* AppDelegate.m */ = {isa = PBXFileReference; lastKnownFileType = sourcecode.c.objc; path = AppDelegate.m; sourceTree = "<group>"; };
		84EB64221D887D25006D5624 /* ViewController.h */ = {isa = PBXFileReference; lastKnownFileType = sourcecode.c.h; path = ViewController.h; sourceTree = "<group>"; };
		84EB64231D887D25006D5624 /* ViewController.m */ = {isa = PBXFileReference; lastKnownFileType = sourcecode.c.objc; path = ViewController.m; sourceTree = "<group>"; };
		84EB64261D887D25006D5624 /* Base */ = {isa = PBXFileReference; lastKnownFileType = file.storyboard; name = Base; path = Base.lproj/Main.storyboard; sourceTree = "<group>"; };
		84EB64281D887D25006D5624 /* Assets.xcassets */ = {isa = PBXFileReference; lastKnownFileType = folder.assetcatalog; path = Assets.xcassets; sourceTree = "<group>"; };
		84EB642B1D887D25006D5624 /* Base */ = {isa = PBXFileReference; lastKnownFileType = file.storyboard; name = Base; path = Base.lproj/LaunchScreen.storyboard; sourceTree = "<group>"; };
		84EB642D1D887D25006D5624 /* Info.plist */ = {isa = PBXFileReference; lastKnownFileType = text.plist.xml; path = Info.plist; sourceTree = "<group>"; };
		84EB64341D888444006D5624 /* 1.jpg */ = {isa = PBXFileReference; lastKnownFileType = image.jpeg; name = 1.jpg; path = ../../../../Desktop/1.jpg; sourceTree = "<group>"; };
/* End PBXFileReference section */

/* Begin PBXFrameworksBuildPhase section */
		84EB64161D887D25006D5624 /* Frameworks */ = {
			isa = PBXFrameworksBuildPhase;
			buildActionMask = 2147483647;
			files = (
			);
			runOnlyForDeploymentPostprocessing = 0;
		};
/* End PBXFrameworksBuildPhase section */

/* Begin PBXGroup section */
		84EB64101D887D25006D5624 = {
			isa = PBXGroup;
			children = (
				84EB641B1D887D25006D5624 /* Gestures */,
				84EB641A1D887D25006D5624 /* Products */,
				84EB64331D88840F006D5624 /* Images */,
			);
			sourceTree = "<group>";
		};
		84EB641A1D887D25006D5624 /* Products */ = {
			isa = PBXGroup;
			children = (
				84EB64191D887D25006D5624 /* Gestures.app */,
			);
			name = Products;
			sourceTree = "<group>";
		};
		84EB641B1D887D25006D5624 /* Gestures */ = {
			isa = PBXGroup;
			children = (
				84EB641F1D887D25006D5624 /* AppDelegate.h */,
				84EB64201D887D25006D5624 /* AppDelegate.m */,
				84EB64221D887D25006D5624 /* ViewController.h */,
				84EB64231D887D25006D5624 /* ViewController.m */,
				84EB64251D887D25006D5624 /* Main.storyboard */,
				84EB64281D887D25006D5624 /* Assets.xcassets */,
				84EB642A1D887D25006D5624 /* LaunchScreen.storyboard */,
				84EB642D1D887D25006D5624 /* Info.plist */,
				84EB641C1D887D25006D5624 /* Supporting Files */,
			);
			path = Gestures;
			sourceTree = "<group>";
		};
		84EB641C1D887D25006D5624 /* Supporting Files */ = {
			isa = PBXGroup;
			children = (
				84EB641D1D887D25006D5624 /* main.m */,
			);
			name = "Supporting Files";
			sourceTree = "<group>";
		};
		84EB64331D88840F006D5624 /* Images */ = {
			isa = PBXGroup;
			children = (
				84EB64341D888444006D5624 /* 1.jpg */,
			);
			name = Images;
			path = Gestures;
			sourceTree = "<group>";
		};
/* End PBXGroup section */

/* Begin PBXNativeTarget section */
		84EB64181D887D25006D5624 /* Gestures */ = {
			isa = PBXNativeTarget;
			buildConfigurationList = 84EB64301D887D25006D5624 /* Build configuration list for PBXNativeTarget "Gestures" */;
			buildPhases = (
				84EB64151D887D25006D5624 /* Sources */,
				84EB64161D887D25006D5624 /* Frameworks */,
				84EB64171D887D25006D5624 /* Resources */,
			);
			buildRules = (
			);
			dependencies = (
			);
			name = Gestures;
			productName = Gestures;
			productReference = 84EB64191D887D25006D5624 /* Gestures.app */;
			productType = "com.apple.product-type.application";
		};
/* End PBXNativeTarget section */

/* Begin PBXProject section */
		84EB64111D887D25006D5624 /* Project object */ = {
			isa = PBXProject;
			attributes = {
				LastUpgradeCheck = 0720;
				ORGANIZATIONNAME = "Ehlakov Victor";
				TargetAttributes = {
					84EB64181D887D25006D5624 = {
						CreatedOnToolsVersion = 7.2;
					};
				};
			};
			buildConfigurationList = 84EB64141D887D25006D5624 /* Build configuration list for PBXProject "Gestures" */;
			compatibilityVersion = "Xcode 3.2";
			developmentRegion = English;
			hasScannedForEncodings = 0;
			knownRegions = (
				en,
				Base,
			);
			mainGroup = 84EB64101D887D25006D5624;
			productRefGroup = 84EB641A1D887D25006D5624 /* Products */;
			projectDirPath = "";
			projectRoot = "";
			targets = (
				84EB64181D887D25006D5624 /* Gestures */,
			);
		};
/* End PBXProject section */

/* Begin PBXResourcesBuildPhase section */
		84EB64171D887D25006D5624 /* Resources */ = {
			isa = PBXResourcesBuildPhase;
			buildActionMask = 2147483647;
			files = (
				84EB642C1D887D25006D5624 /* LaunchScreen.storyboard in Resources */,
				84EB64351D888444006D5624 /* 1.jpg in Resources */,
				84EB64291D887D25006D5624 /* Assets.xcassets in Resources */,
				84EB64271D887D25006D5624 /* Main.storyboard in Resources */,
			);
			runOnlyForDeploymentPostprocessing = 0;
		};
/* End PBXResourcesBuildPhase section */

/* Begin PBXSourcesBuildPhase section */
		84EB64151D887D25006D5624 /* Sources */ = {
			isa = PBXSourcesBuildPhase;
			buildActionMask = 2147483647;
			files = (
				84EB64241D887D25006D5624 /* ViewController.m in Sources */,
				84EB64211D887D25006D5624 /* AppDelegate.m in Sources */,
				84EB641E1D887D25006D5624 /* main.m in Sources */,
			);
			runOnlyForDeploymentPostprocessing = 0;
		};
/* End PBXSourcesBuildPhase section */

/* Begin PBXVariantGroup section */
		84EB64251D887D25006D5624 /* Main.storyboard */ = {
			isa = PBXVariantGroup;
			children = (
				84EB64261D887D25006D5624 /* Base */,
			);
			name = Main.storyboard;
			sourceTree = "<group>";
		};
		84EB642A1D887D25006D5624 /* LaunchScreen.storyboard */ = {
			isa = PBXVariantGroup;
			children = (
				84EB642B1D887D25006D5624 /* Base */,
			);
			name = LaunchScreen.storyboard;
			sourceTree = "<group>";
		};
/* End PBXVariantGroup section */

/* Begin XCBuildConfiguration section */
		84EB642E1D887D25006D5624 /* Debug */ = {
			isa = XCBuildConfiguration;
			buildSettings = {
				ALWAYS_SEARCH_USER_PATHS = NO;
				CLANG_CXX_LANGUAGE_STANDARD = "gnu++0x";
				CLANG_CXX_LIBRARY = "libc++";
				CLANG_ENABLE_MODULES = YES;
				CLANG_ENABLE_OBJC_ARC = YES;
				CLANG_WARN_BOOL_CONVERSION = YES;
				CLANG_WARN_CONSTANT_CONVERSION = YES;
				CLANG_WARN_DIRECT_OBJC_ISA_USAGE = YES_ERROR;
				CLANG_WARN_EMPTY_BODY = YES;
				CLANG_WARN_ENUM_CONVERSION = YES;
				CLANG_WARN_INT_CONVERSION = YES;
				CLANG_WARN_OBJC_ROOT_CLASS = YES_ERROR;
				CLANG_WARN_UNREACHABLE_CODE = YES;
				CLANG_WARN__DUPLICATE_METHOD_MATCH = YES;
				"CODE_SIGN_IDENTITY[sdk=iphoneos*]" = "iPhone Developer";
				COPY_PHASE_STRIP = NO;
				DEBUG_INFORMATION_FORMAT = dwarf;
				ENABLE_STRICT_OBJC_MSGSEND = YES;
				ENABLE_TESTABILITY = YES;
				GCC_C_LANGUAGE_STANDARD = gnu99;
				GCC_DYNAMIC_NO_PIC = NO;
				GCC_NO_COMMON_BLOCKS = YES;
				GCC_OPTIMIZATION_LEVEL = 0;
				GCC_PREPROCESSOR_DEFINITIONS = (
					"DEBUG=1",
					"$(inherited)",
				);
				GCC_WARN_64_TO_32_BIT_CONVERSION = YES;
				GCC_WARN_ABOUT_RETURN_TYPE = YES_ERROR;
				GCC_WARN_UNDECLARED_SELECTOR = YES;
				GCC_WARN_UNINITIALIZED_AUTOS = YES_AGGRESSIVE;
				GCC_WARN_UNUSED_FUNCTION = YES;
				GCC_WARN_UNUSED_VARIABLE = YES;
				IPHONEOS_DEPLOYMENT_TARGET = 9.2;
				MTL_ENABLE_DEBUG_INFO = YES;
				ONLY_ACTIVE_ARCH = YES;
				SDKROOT = iphoneos;
				TARGETED_DEVICE_FAMILY = "1,2";
			};
			name = Debug;
		};
		84EB642F1D887D25006D5624 /* Release */ = {
			isa = XCBuildConfiguration;
			buildSettings = {
				ALWAYS_SEARCH_USER_PATHS = NO;
				CLANG_CXX_LANGUAGE_STANDARD = "gnu++0x";
				CLANG_CXX_LIBRARY = "libc++";
				CLANG_ENABLE_MODULES = YES;
				CLANG_ENABLE_OBJC_ARC = YES;
				CLANG_WARN_BOOL_CONVERSION = YES;
				CLANG_WARN_CONSTANT_CONVERSION = YES;
				CLANG_WARN_DIRECT_OBJC_ISA_USAGE = YES_ERROR;
				CLANG_WARN_EMPTY_BODY = YES;
				CLANG_WARN_ENUM_CONVERSION = YES;
				CLANG_WARN_INT_CONVERSION = YES;
				CLANG_WARN_OBJC_ROOT_CLASS = YES_ERROR;
				CLANG_WARN_UNREACHABLE_CODE = YES;
				CLANG_WARN__DUPLICATE_METHOD_MATCH = YES;
				"CODE_SIGN_IDENTITY[sdk=iphoneos*]" = "iPhone Developer";
				COPY_PHASE_STRIP = NO;
				DEBUG_INFORMATION_FORMAT = "dwarf-with-dsym";
				ENABLE_NS_ASSERTIONS = NO;
				ENABLE_STRICT_OBJC_MSGSEND = YES;
				GCC_C_LANGUAGE_STANDARD = gnu99;
				GCC_NO_COMMON_BLOCKS = YES;
				GCC_WARN_64_TO_32_BIT_CONVERSION = YES;
				GCC_WARN_ABOUT_RETURN_TYPE = YES_ERROR;
				GCC_WARN_UNDECLARED_SELECTOR = YES;
				GCC_WARN_UNINITIALIZED_AUTOS = YES_AGGRESSIVE;
				GCC_WARN_UNUSED_FUNCTION = YES;
				GCC_WARN_UNUSED_VARIABLE = YES;
				IPHONEOS_DEPLOYMENT_TARGET = 9.2;
				MTL_ENABLE_DEBUG_INFO = NO;
				SDKROOT = iphoneos;
				TARGETED_DEVICE_FAMILY = "1,2";
				VALIDATE_PRODUCT = YES;
			};
			name = Release;
		};
		84EB64311D887D25006D5624 /* Debug */ = {
			isa = XCBuildConfiguration;
			buildSettings = {
				ASSETCATALOG_COMPILER_APPICON_NAME = AppIcon;
				INFOPLIST_FILE = Gestures/Info.plist;
				LD_RUNPATH_SEARCH_PATHS = "$(inherited) @executable_path/Frameworks";
				PRODUCT_BUNDLE_IDENTIFIER = EVA.Gestures;
				PRODUCT_NAME = "$(TARGET_NAME)";
			};
			name = Debug;
		};
		84EB64321D887D25006D5624 /* Release */ = {
			isa = XCBuildConfiguration;
			buildSettings = {
				ASSETCATALOG_COMPILER_APPICON_NAME = AppIcon;
				INFOPLIST_FILE = Gestures/Info.plist;
				LD_RUNPATH_SEARCH_PATHS = "$(inherited) @executable_path/Frameworks";
				PRODUCT_BUNDLE_IDENTIFIER = EVA.Gestures;
				PRODUCT_NAME = "$(TARGET_NAME)";
			};
			name = Release;
		};
/* End XCBuildConfiguration section */

/* Begin XCConfigurationList section */
		84EB64141D887D25006D5624 /* Build configuration list for PBXProject "Gestures" */ = {
			isa = XCConfigurationList;
			buildConfigurations = (
				84EB642E1D887D25006D5624 /* Debug */,
				84EB642F1D887D25006D5624 /* Release */,
			);
			defaultConfigurationIsVisible = 0;
			defaultConfigurationName = Release;
		};
		84EB64301D887D25006D5624 /* Build configuration list for PBXNativeTarget "Gestures" */ = {
			isa = XCConfigurationList;
			buildConfigurations = (
				84EB64311D887D25006D5624 /* Debug */,
				84EB64321D887D25006D5624 /* Release */,
			);
			defaultConfigurationIsVisible = 0;
		};
/* End XCConfigurationList section */
	};
	rootObject = 84EB64111D887D25006D5624 /* Project object */;
}
