// !$*UTF8*$!
{
	archiveVersion = 1;
	classes = {
	};
	objectVersion = 46;
	objects = {

/* Begin PBXBuildFile section */
		84E8659A1DDB53E900D136F7 /* main.m in Sources */ = {isa = PBXBuildFile; fileRef = 84E865991DDB53E900D136F7 /* main.m */; };
		84E8659D1DDB53E900D136F7 /* AppDelegate.m in Sources */ = {isa = PBXBuildFile; fileRef = 84E8659C1DDB53E900D136F7 /* AppDelegate.m */; };
		84E865A01DDB53E900D136F7 /* ViewController.m in Sources */ = {isa = PBXBuildFile; fileRef = 84E8659F1DDB53E900D136F7 /* ViewController.m */; };
		84E865A31DDB53E900D136F7 /* Main.storyboard in Resources */ = {isa = PBXBuildFile; fileRef = 84E865A11DDB53E900D136F7 /* Main.storyboard */; };
		84E865A51DDB53E900D136F7 /* Assets.xcassets in Resources */ = {isa = PBXBuildFile; fileRef = 84E865A41DDB53E900D136F7 /* Assets.xcassets */; };
		84E865A81DDB53E900D136F7 /* LaunchScreen.storyboard in Resources */ = {isa = PBXBuildFile; fileRef = 84E865A61DDB53E900D136F7 /* LaunchScreen.storyboard */; };
		84E865B31DDB6E4100D136F7 /* EVAWebViewController.m in Sources */ = {isa = PBXBuildFile; fileRef = 84E865B21DDB6E4100D136F7 /* EVAWebViewController.m */; };
		84E865B61DDB7C3800D136F7 /* Lecture 6.pdf in Resources */ = {isa = PBXBuildFile; fileRef = 84E865B51DDB7C3800D136F7 /* Lecture 6.pdf */; };
		84E865B81DDB7C4300D136F7 /* iOSVidmetest.pdf in Resources */ = {isa = PBXBuildFile; fileRef = 84E865B71DDB7C4300D136F7 /* iOSVidmetest.pdf */; };
/* End PBXBuildFile section */

/* Begin PBXFileReference section */
		84E865951DDB53E900D136F7 /* UIWebView.app */ = {isa = PBXFileReference; explicitFileType = wrapper.application; includeInIndex = 0; path = UIWebView.app; sourceTree = BUILT_PRODUCTS_DIR; };
		84E865991DDB53E900D136F7 /* main.m */ = {isa = PBXFileReference; lastKnownFileType = sourcecode.c.objc; path = main.m; sourceTree = "<group>"; };
		84E8659B1DDB53E900D136F7 /* AppDelegate.h */ = {isa = PBXFileReference; lastKnownFileType = sourcecode.c.h; path = AppDelegate.h; sourceTree = "<group>"; };
		84E8659C1DDB53E900D136F7 /* AppDelegate.m */ = {isa = PBXFileReference; lastKnownFileType = sourcecode.c.objc; path = AppDelegate.m; sourceTree = "<group>"; };
		84E8659E1DDB53E900D136F7 /* ViewController.h */ = {isa = PBXFileReference; lastKnownFileType = sourcecode.c.h; path = ViewController.h; sourceTree = "<group>"; };
		84E8659F1DDB53E900D136F7 /* ViewController.m */ = {isa = PBXFileReference; lastKnownFileType = sourcecode.c.objc; path = ViewController.m; sourceTree = "<group>"; };
		84E865A21DDB53E900D136F7 /* Base */ = {isa = PBXFileReference; lastKnownFileType = file.storyboard; name = Base; path = Base.lproj/Main.storyboard; sourceTree = "<group>"; };
		84E865A41DDB53E900D136F7 /* Assets.xcassets */ = {isa = PBXFileReference; lastKnownFileType = folder.assetcatalog; path = Assets.xcassets; sourceTree = "<group>"; };
		84E865A71DDB53E900D136F7 /* Base */ = {isa = PBXFileReference; lastKnownFileType = file.storyboard; name = Base; path = Base.lproj/LaunchScreen.storyboard; sourceTree = "<group>"; };
		84E865A91DDB53E900D136F7 /* Info.plist */ = {isa = PBXFileReference; lastKnownFileType = text.plist.xml; path = Info.plist; sourceTree = "<group>"; };
		84E865B11DDB6E4100D136F7 /* EVAWebViewController.h */ = {isa = PBXFileReference; fileEncoding = 4; lastKnownFileType = sourcecode.c.h; path = EVAWebViewController.h; sourceTree = "<group>"; };
		84E865B21DDB6E4100D136F7 /* EVAWebViewController.m */ = {isa = PBXFileReference; fileEncoding = 4; lastKnownFileType = sourcecode.c.objc; path = EVAWebViewController.m; sourceTree = "<group>"; };
		84E865B51DDB7C3800D136F7 /* Lecture 6.pdf */ = {isa = PBXFileReference; lastKnownFileType = image.pdf; name = "Lecture 6.pdf"; path = "filesPDF/Lecture 6.pdf"; sourceTree = "<group>"; };
		84E865B71DDB7C4300D136F7 /* iOSVidmetest.pdf */ = {isa = PBXFileReference; lastKnownFileType = image.pdf; name = iOSVidmetest.pdf; path = filesPDF/iOSVidmetest.pdf; sourceTree = "<group>"; };
/* End PBXFileReference section */

/* Begin PBXFrameworksBuildPhase section */
		84E865921DDB53E900D136F7 /* Frameworks */ = {
			isa = PBXFrameworksBuildPhase;
			buildActionMask = 2147483647;
			files = (
			);
			runOnlyForDeploymentPostprocessing = 0;
		};
/* End PBXFrameworksBuildPhase section */

/* Begin PBXGroup section */
		84E8658C1DDB53E900D136F7 = {
			isa = PBXGroup;
			children = (
				84E865971DDB53E900D136F7 /* UIWebView */,
				84E865961DDB53E900D136F7 /* Products */,
			);
			sourceTree = "<group>";
		};
		84E865961DDB53E900D136F7 /* Products */ = {
			isa = PBXGroup;
			children = (
				84E865951DDB53E900D136F7 /* UIWebView.app */,
			);
			name = Products;
			sourceTree = "<group>";
		};
		84E865971DDB53E900D136F7 /* UIWebView */ = {
			isa = PBXGroup;
			children = (
				84E865B41DDB7BED00D136F7 /* filesPDF */,
				84E8659B1DDB53E900D136F7 /* AppDelegate.h */,
				84E8659C1DDB53E900D136F7 /* AppDelegate.m */,
				84E8659E1DDB53E900D136F7 /* ViewController.h */,
				84E8659F1DDB53E900D136F7 /* ViewController.m */,
				84E865A11DDB53E900D136F7 /* Main.storyboard */,
				84E865A41DDB53E900D136F7 /* Assets.xcassets */,
				84E865A61DDB53E900D136F7 /* LaunchScreen.storyboard */,
				84E865A91DDB53E900D136F7 /* Info.plist */,
				84E865981DDB53E900D136F7 /* Supporting Files */,
				84E865B11DDB6E4100D136F7 /* EVAWebViewController.h */,
				84E865B21DDB6E4100D136F7 /* EVAWebViewController.m */,
			);
			path = UIWebView;
			sourceTree = "<group>";
		};
		84E865981DDB53E900D136F7 /* Supporting Files */ = {
			isa = PBXGroup;
			children = (
				84E865991DDB53E900D136F7 /* main.m */,
			);
			name = "Supporting Files";
			sourceTree = "<group>";
		};
		84E865B41DDB7BED00D136F7 /* filesPDF */ = {
			isa = PBXGroup;
			children = (
				84E865B71DDB7C4300D136F7 /* iOSVidmetest.pdf */,
				84E865B51DDB7C3800D136F7 /* Lecture 6.pdf */,
			);
			name = filesPDF;
			sourceTree = "<group>";
		};
/* End PBXGroup section */

/* Begin PBXNativeTarget section */
		84E865941DDB53E900D136F7 /* UIWebView */ = {
			isa = PBXNativeTarget;
			buildConfigurationList = 84E865AC1DDB53E900D136F7 /* Build configuration list for PBXNativeTarget "UIWebView" */;
			buildPhases = (
				84E865911DDB53E900D136F7 /* Sources */,
				84E865921DDB53E900D136F7 /* Frameworks */,
				84E865931DDB53E900D136F7 /* Resources */,
			);
			buildRules = (
			);
			dependencies = (
			);
			name = UIWebView;
			productName = UIWebView;
			productReference = 84E865951DDB53E900D136F7 /* UIWebView.app */;
			productType = "com.apple.product-type.application";
		};
/* End PBXNativeTarget section */

/* Begin PBXProject section */
		84E8658D1DDB53E900D136F7 /* Project object */ = {
			isa = PBXProject;
			attributes = {
				LastUpgradeCheck = 0720;
				ORGANIZATIONNAME = "Ehlakov Victor";
				TargetAttributes = {
					84E865941DDB53E900D136F7 = {
						CreatedOnToolsVersion = 7.2;
					};
				};
			};
			buildConfigurationList = 84E865901DDB53E900D136F7 /* Build configuration list for PBXProject "UIWebView" */;
			compatibilityVersion = "Xcode 3.2";
			developmentRegion = English;
			hasScannedForEncodings = 0;
			knownRegions = (
				en,
				Base,
			);
			mainGroup = 84E8658C1DDB53E900D136F7;
			productRefGroup = 84E865961DDB53E900D136F7 /* Products */;
			projectDirPath = "";
			projectRoot = "";
			targets = (
				84E865941DDB53E900D136F7 /* UIWebView */,
			);
		};
/* End PBXProject section */

/* Begin PBXResourcesBuildPhase section */
		84E865931DDB53E900D136F7 /* Resources */ = {
			isa = PBXResourcesBuildPhase;
			buildActionMask = 2147483647;
			files = (
				84E865A81DDB53E900D136F7 /* LaunchScreen.storyboard in Resources */,
				84E865A51DDB53E900D136F7 /* Assets.xcassets in Resources */,
				84E865A31DDB53E900D136F7 /* Main.storyboard in Resources */,
				84E865B81DDB7C4300D136F7 /* iOSVidmetest.pdf in Resources */,
				84E865B61DDB7C3800D136F7 /* Lecture 6.pdf in Resources */,
			);
			runOnlyForDeploymentPostprocessing = 0;
		};
/* End PBXResourcesBuildPhase section */

/* Begin PBXSourcesBuildPhase section */
		84E865911DDB53E900D136F7 /* Sources */ = {
			isa = PBXSourcesBuildPhase;
			buildActionMask = 2147483647;
			files = (
				84E865A01DDB53E900D136F7 /* ViewController.m in Sources */,
				84E8659D1DDB53E900D136F7 /* AppDelegate.m in Sources */,
				84E865B31DDB6E4100D136F7 /* EVAWebViewController.m in Sources */,
				84E8659A1DDB53E900D136F7 /* main.m in Sources */,
			);
			runOnlyForDeploymentPostprocessing = 0;
		};
/* End PBXSourcesBuildPhase section */

/* Begin PBXVariantGroup section */
		84E865A11DDB53E900D136F7 /* Main.storyboard */ = {
			isa = PBXVariantGroup;
			children = (
				84E865A21DDB53E900D136F7 /* Base */,
			);
			name = Main.storyboard;
			sourceTree = "<group>";
		};
		84E865A61DDB53E900D136F7 /* LaunchScreen.storyboard */ = {
			isa = PBXVariantGroup;
			children = (
				84E865A71DDB53E900D136F7 /* Base */,
			);
			name = LaunchScreen.storyboard;
			sourceTree = "<group>";
		};
/* End PBXVariantGroup section */

/* Begin XCBuildConfiguration section */
		84E865AA1DDB53E900D136F7 /* Debug */ = {
			isa = XCBuildConfiguration;
			buildSettings = {
				ALWAYS_SEARCH_USER_PATHS = NO;
				CLANG_CXX_LANGUAGE_STANDARD = "gnu++0x";
				CLANG_CXX_LIBRARY = "libc++";
				CLANG_ENABLE_MODULES = YES;
				CLANG_ENABLE_OBJC_ARC = YES;
				CLANG_WARN_BOOL_CONVERSION = YES;
				CLANG_WARN_CONSTANT_CONVERSION = YES;
				CLANG_WARN_DIRECT_OBJC_ISA_USAGE = YES_ERROR;
				CLANG_WARN_EMPTY_BODY = YES;
				CLANG_WARN_ENUM_CONVERSION = YES;
				CLANG_WARN_INT_CONVERSION = YES;
				CLANG_WARN_OBJC_ROOT_CLASS = YES_ERROR;
				CLANG_WARN_UNREACHABLE_CODE = YES;
				CLANG_WARN__DUPLICATE_METHOD_MATCH = YES;
				"CODE_SIGN_IDENTITY[sdk=iphoneos*]" = "iPhone Developer";
				COPY_PHASE_STRIP = NO;
				DEBUG_INFORMATION_FORMAT = dwarf;
				ENABLE_STRICT_OBJC_MSGSEND = YES;
				ENABLE_TESTABILITY = YES;
				GCC_C_LANGUAGE_STANDARD = gnu99;
				GCC_DYNAMIC_NO_PIC = NO;
				GCC_NO_COMMON_BLOCKS = YES;
				GCC_OPTIMIZATION_LEVEL = 0;
				GCC_PREPROCESSOR_DEFINITIONS = (
					"DEBUG=1",
					"$(inherited)",
				);
				GCC_WARN_64_TO_32_BIT_CONVERSION = YES;
				GCC_WARN_ABOUT_RETURN_TYPE = YES_ERROR;
				GCC_WARN_UNDECLARED_SELECTOR = YES;
				GCC_WARN_UNINITIALIZED_AUTOS = YES_AGGRESSIVE;
				GCC_WARN_UNUSED_FUNCTION = YES;
				GCC_WARN_UNUSED_VARIABLE = YES;
				IPHONEOS_DEPLOYMENT_TARGET = 9.2;
				MTL_ENABLE_DEBUG_INFO = YES;
				ONLY_ACTIVE_ARCH = YES;
				SDKROOT = iphoneos;
				TARGETED_DEVICE_FAMILY = "1,2";
			};
			name = Debug;
		};
		84E865AB1DDB53E900D136F7 /* Release */ = {
			isa = XCBuildConfiguration;
			buildSettings = {
				ALWAYS_SEARCH_USER_PATHS = NO;
				CLANG_CXX_LANGUAGE_STANDARD = "gnu++0x";
				CLANG_CXX_LIBRARY = "libc++";
				CLANG_ENABLE_MODULES = YES;
				CLANG_ENABLE_OBJC_ARC = YES;
				CLANG_WARN_BOOL_CONVERSION = YES;
				CLANG_WARN_CONSTANT_CONVERSION = YES;
				CLANG_WARN_DIRECT_OBJC_ISA_USAGE = YES_ERROR;
				CLANG_WARN_EMPTY_BODY = YES;
				CLANG_WARN_ENUM_CONVERSION = YES;
				CLANG_WARN_INT_CONVERSION = YES;
				CLANG_WARN_OBJC_ROOT_CLASS = YES_ERROR;
				CLANG_WARN_UNREACHABLE_CODE = YES;
				CLANG_WARN__DUPLICATE_METHOD_MATCH = YES;
				"CODE_SIGN_IDENTITY[sdk=iphoneos*]" = "iPhone Developer";
				COPY_PHASE_STRIP = NO;
				DEBUG_INFORMATION_FORMAT = "dwarf-with-dsym";
				ENABLE_NS_ASSERTIONS = NO;
				ENABLE_STRICT_OBJC_MSGSEND = YES;
				GCC_C_LANGUAGE_STANDARD = gnu99;
				GCC_NO_COMMON_BLOCKS = YES;
				GCC_WARN_64_TO_32_BIT_CONVERSION = YES;
				GCC_WARN_ABOUT_RETURN_TYPE = YES_ERROR;
				GCC_WARN_UNDECLARED_SELECTOR = YES;
				GCC_WARN_UNINITIALIZED_AUTOS = YES_AGGRESSIVE;
				GCC_WARN_UNUSED_FUNCTION = YES;
				GCC_WARN_UNUSED_VARIABLE = YES;
				IPHONEOS_DEPLOYMENT_TARGET = 9.2;
				MTL_ENABLE_DEBUG_INFO = NO;
				SDKROOT = iphoneos;
				TARGETED_DEVICE_FAMILY = "1,2";
				VALIDATE_PRODUCT = YES;
			};
			name = Release;
		};
		84E865AD1DDB53E900D136F7 /* Debug */ = {
			isa = XCBuildConfiguration;
			buildSettings = {
				ASSETCATALOG_COMPILER_APPICON_NAME = AppIcon;
				INFOPLIST_FILE = UIWebView/Info.plist;
				LD_RUNPATH_SEARCH_PATHS = "$(inherited) @executable_path/Frameworks";
				PRODUCT_BUNDLE_IDENTIFIER = EVA.UIWebView;
				PRODUCT_NAME = "$(TARGET_NAME)";
			};
			name = Debug;
		};
		84E865AE1DDB53E900D136F7 /* Release */ = {
			isa = XCBuildConfiguration;
			buildSettings = {
				ASSETCATALOG_COMPILER_APPICON_NAME = AppIcon;
				INFOPLIST_FILE = UIWebView/Info.plist;
				LD_RUNPATH_SEARCH_PATHS = "$(inherited) @executable_path/Frameworks";
				PRODUCT_BUNDLE_IDENTIFIER = EVA.UIWebView;
				PRODUCT_NAME = "$(TARGET_NAME)";
			};
			name = Release;
		};
/* End XCBuildConfiguration section */

/* Begin XCConfigurationList section */
		84E865901DDB53E900D136F7 /* Build configuration list for PBXProject "UIWebView" */ = {
			isa = XCConfigurationList;
			buildConfigurations = (
				84E865AA1DDB53E900D136F7 /* Debug */,
				84E865AB1DDB53E900D136F7 /* Release */,
			);
			defaultConfigurationIsVisible = 0;
			defaultConfigurationName = Release;
		};
		84E865AC1DDB53E900D136F7 /* Build configuration list for PBXNativeTarget "UIWebView" */ = {
			isa = XCConfigurationList;
			buildConfigurations = (
				84E865AD1DDB53E900D136F7 /* Debug */,
				84E865AE1DDB53E900D136F7 /* Release */,
			);
			defaultConfigurationIsVisible = 0;
		};
/* End XCConfigurationList section */
	};
	rootObject = 84E8658D1DDB53E900D136F7 /* Project object */;
}
